// !$*UTF8*$!
{
	archiveVersion = 1;
	classes = {
	};
	objectVersion = 46;
	objects = {

/* Begin PBXBuildFile section */
		53EF0A3DCE6140C0807C6F5F /* libPods.a in Frameworks */ = {isa = PBXBuildFile; fileRef = AA71E6F5C87B4428996C5708 /* libPods.a */; };
		5C15F9B918DF206D0018A003 /* ScannerViewController.m in Sources */ = {isa = PBXBuildFile; fileRef = 5C15F9B818DF206D0018A003 /* ScannerViewController.m */; };
		5C66A9EE18E020760048BD90 /* RootViewController.m in Sources */ = {isa = PBXBuildFile; fileRef = 5C66A9ED18E020760048BD90 /* RootViewController.m */; };
		5C66A9F018E028A30048BD90 /* line.png in Resources */ = {isa = PBXBuildFile; fileRef = 5C66A9EF18E028A30048BD90 /* line.png */; };
		5C875DA918E0868300707A42 /* border.png in Resources */ = {isa = PBXBuildFile; fileRef = 5C875DA818E0868300707A42 /* border.png */; };
		5CA813C418DEEC6A00786C76 /* Foundation.framework in Frameworks */ = {isa = PBXBuildFile; fileRef = 5CA813C318DEEC6A00786C76 /* Foundation.framework */; };
		5CA813C618DEEC6A00786C76 /* CoreGraphics.framework in Frameworks */ = {isa = PBXBuildFile; fileRef = 5CA813C518DEEC6A00786C76 /* CoreGraphics.framework */; };
		5CA813C818DEEC6A00786C76 /* UIKit.framework in Frameworks */ = {isa = PBXBuildFile; fileRef = 5CA813C718DEEC6A00786C76 /* UIKit.framework */; };
		5CA813CE18DEEC6A00786C76 /* InfoPlist.strings in Resources */ = {isa = PBXBuildFile; fileRef = 5CA813CC18DEEC6A00786C76 /* InfoPlist.strings */; };
		5CA813D018DEEC6A00786C76 /* main.m in Sources */ = {isa = PBXBuildFile; fileRef = 5CA813CF18DEEC6A00786C76 /* main.m */; };
		5CA813D418DEEC6A00786C76 /* AppDelegate.m in Sources */ = {isa = PBXBuildFile; fileRef = 5CA813D318DEEC6A00786C76 /* AppDelegate.m */; };
		5CA813D618DEEC6A00786C76 /* Images.xcassets in Resources */ = {isa = PBXBuildFile; fileRef = 5CA813D518DEEC6A00786C76 /* Images.xcassets */; };
		5CA813DD18DEEC6A00786C76 /* XCTest.framework in Frameworks */ = {isa = PBXBuildFile; fileRef = 5CA813DC18DEEC6A00786C76 /* XCTest.framework */; };
		5CA813DE18DEEC6A00786C76 /* Foundation.framework in Frameworks */ = {isa = PBXBuildFile; fileRef = 5CA813C318DEEC6A00786C76 /* Foundation.framework */; };
		5CA813DF18DEEC6A00786C76 /* UIKit.framework in Frameworks */ = {isa = PBXBuildFile; fileRef = 5CA813C718DEEC6A00786C76 /* UIKit.framework */; };
		5CA813E718DEEC6A00786C76 /* InfoPlist.strings in Resources */ = {isa = PBXBuildFile; fileRef = 5CA813E518DEEC6A00786C76 /* InfoPlist.strings */; };
		5CA813E918DEEC6A00786C76 /* ZXingObjCTestTests.m in Sources */ = {isa = PBXBuildFile; fileRef = 5CA813E818DEEC6A00786C76 /* ZXingObjCTestTests.m */; };
/* End PBXBuildFile section */

/* Begin PBXContainerItemProxy section */
		5CA813E018DEEC6A00786C76 /* PBXContainerItemProxy */ = {
			isa = PBXContainerItemProxy;
			containerPortal = 5CA813B818DEEC6A00786C76 /* Project object */;
			proxyType = 1;
			remoteGlobalIDString = 5CA813BF18DEEC6A00786C76;
			remoteInfo = ZXingObjCTest;
		};
/* End PBXContainerItemProxy section */

/* Begin PBXFileReference section */
		5C15F9B718DF206D0018A003 /* ScannerViewController.h */ = {isa = PBXFileReference; fileEncoding = 4; lastKnownFileType = sourcecode.c.h; path = ScannerViewController.h; sourceTree = "<group>"; };
		5C15F9B818DF206D0018A003 /* ScannerViewController.m */ = {isa = PBXFileReference; fileEncoding = 4; lastKnownFileType = sourcecode.c.objc; path = ScannerViewController.m; sourceTree = "<group>"; };
		5C66A9EC18E020760048BD90 /* RootViewController.h */ = {isa = PBXFileReference; fileEncoding = 4; lastKnownFileType = sourcecode.c.h; path = RootViewController.h; sourceTree = "<group>"; };
		5C66A9ED18E020760048BD90 /* RootViewController.m */ = {isa = PBXFileReference; fileEncoding = 4; lastKnownFileType = sourcecode.c.objc; path = RootViewController.m; sourceTree = "<group>"; };
		5C66A9EF18E028A30048BD90 /* line.png */ = {isa = PBXFileReference; lastKnownFileType = image.png; path = line.png; sourceTree = "<group>"; };
		5C875DA818E0868300707A42 /* border.png */ = {isa = PBXFileReference; lastKnownFileType = image.png; path = border.png; sourceTree = "<group>"; };
		5CA813C018DEEC6A00786C76 /* ZXingObjCTest.app */ = {isa = PBXFileReference; explicitFileType = wrapper.application; includeInIndex = 0; path = ZXingObjCTest.app; sourceTree = BUILT_PRODUCTS_DIR; };
		5CA813C318DEEC6A00786C76 /* Foundation.framework */ = {isa = PBXFileReference; lastKnownFileType = wrapper.framework; name = Foundation.framework; path = System/Library/Frameworks/Foundation.framework; sourceTree = SDKROOT; };
		5CA813C518DEEC6A00786C76 /* CoreGraphics.framework */ = {isa = PBXFileReference; lastKnownFileType = wrapper.framework; name = CoreGraphics.framework; path = System/Library/Frameworks/CoreGraphics.framework; sourceTree = SDKROOT; };
		5CA813C718DEEC6A00786C76 /* UIKit.framework */ = {isa = PBXFileReference; lastKnownFileType = wrapper.framework; name = UIKit.framework; path = System/Library/Frameworks/UIKit.framework; sourceTree = SDKROOT; };
		5CA813CB18DEEC6A00786C76 /* ZXingObjCTest-Info.plist */ = {isa = PBXFileReference; lastKnownFileType = text.plist.xml; path = "ZXingObjCTest-Info.plist"; sourceTree = "<group>"; };
		5CA813CD18DEEC6A00786C76 /* en */ = {isa = PBXFileReference; lastKnownFileType = text.plist.strings; name = en; path = en.lproj/InfoPlist.strings; sourceTree = "<group>"; };
		5CA813CF18DEEC6A00786C76 /* main.m */ = {isa = PBXFileReference; lastKnownFileType = sourcecode.c.objc; path = main.m; sourceTree = "<group>"; };
		5CA813D118DEEC6A00786C76 /* ZXingObjCTest-Prefix.pch */ = {isa = PBXFileReference; lastKnownFileType = sourcecode.c.h; path = "ZXingObjCTest-Prefix.pch"; sourceTree = "<group>"; };
		5CA813D218DEEC6A00786C76 /* AppDelegate.h */ = {isa = PBXFileReference; lastKnownFileType = sourcecode.c.h; path = AppDelegate.h; sourceTree = "<group>"; };
		5CA813D318DEEC6A00786C76 /* AppDelegate.m */ = {isa = PBXFileReference; lastKnownFileType = sourcecode.c.objc; path = AppDelegate.m; sourceTree = "<group>"; };
		5CA813D518DEEC6A00786C76 /* Images.xcassets */ = {isa = PBXFileReference; lastKnownFileType = folder.assetcatalog; path = Images.xcassets; sourceTree = "<group>"; };
		5CA813DB18DEEC6A00786C76 /* ZXingObjCTestTests.xctest */ = {isa = PBXFileReference; explicitFileType = wrapper.cfbundle; includeInIndex = 0; path = ZXingObjCTestTests.xctest; sourceTree = BUILT_PRODUCTS_DIR; };
		5CA813DC18DEEC6A00786C76 /* XCTest.framework */ = {isa = PBXFileReference; lastKnownFileType = wrapper.framework; name = XCTest.framework; path = Library/Frameworks/XCTest.framework; sourceTree = DEVELOPER_DIR; };
		5CA813E418DEEC6A00786C76 /* ZXingObjCTestTests-Info.plist */ = {isa = PBXFileReference; lastKnownFileType = text.plist.xml; path = "ZXingObjCTestTests-Info.plist"; sourceTree = "<group>"; };
		5CA813E618DEEC6A00786C76 /* en */ = {isa = PBXFileReference; lastKnownFileType = text.plist.strings; name = en; path = en.lproj/InfoPlist.strings; sourceTree = "<group>"; };
		5CA813E818DEEC6A00786C76 /* ZXingObjCTestTests.m */ = {isa = PBXFileReference; lastKnownFileType = sourcecode.c.objc; path = ZXingObjCTestTests.m; sourceTree = "<group>"; };
		AA71E6F5C87B4428996C5708 /* libPods.a */ = {isa = PBXFileReference; explicitFileType = archive.ar; includeInIndex = 0; path = libPods.a; sourceTree = BUILT_PRODUCTS_DIR; };
		AD76C054689541CAB74E6D65 /* Pods.xcconfig */ = {isa = PBXFileReference; includeInIndex = 1; lastKnownFileType = text.xcconfig; name = Pods.xcconfig; path = Pods/Pods.xcconfig; sourceTree = "<group>"; };
/* End PBXFileReference section */

/* Begin PBXFrameworksBuildPhase section */
		5CA813BD18DEEC6A00786C76 /* Frameworks */ = {
			isa = PBXFrameworksBuildPhase;
			buildActionMask = 2147483647;
			files = (
				5CA813C618DEEC6A00786C76 /* CoreGraphics.framework in Frameworks */,
				5CA813C818DEEC6A00786C76 /* UIKit.framework in Frameworks */,
				5CA813C418DEEC6A00786C76 /* Foundation.framework in Frameworks */,
				53EF0A3DCE6140C0807C6F5F /* libPods.a in Frameworks */,
			);
			runOnlyForDeploymentPostprocessing = 0;
		};
		5CA813D818DEEC6A00786C76 /* Frameworks */ = {
			isa = PBXFrameworksBuildPhase;
			buildActionMask = 2147483647;
			files = (
				5CA813DD18DEEC6A00786C76 /* XCTest.framework in Frameworks */,
				5CA813DF18DEEC6A00786C76 /* UIKit.framework in Frameworks */,
				5CA813DE18DEEC6A00786C76 /* Foundation.framework in Frameworks */,
			);
			runOnlyForDeploymentPostprocessing = 0;
		};
/* End PBXFrameworksBuildPhase section */

/* Begin PBXGroup section */
		5CA813B718DEEC6A00786C76 = {
			isa = PBXGroup;
			children = (
				5CA813C918DEEC6A00786C76 /* ZXingObjCTest */,
				5CA813E218DEEC6A00786C76 /* ZXingObjCTestTests */,
				5CA813C218DEEC6A00786C76 /* Frameworks */,
				5CA813C118DEEC6A00786C76 /* Products */,
				AD76C054689541CAB74E6D65 /* Pods.xcconfig */,
			);
			sourceTree = "<group>";
		};
		5CA813C118DEEC6A00786C76 /* Products */ = {
			isa = PBXGroup;
			children = (
				5CA813C018DEEC6A00786C76 /* ZXingObjCTest.app */,
				5CA813DB18DEEC6A00786C76 /* ZXingObjCTestTests.xctest */,
			);
			name = Products;
			sourceTree = "<group>";
		};
		5CA813C218DEEC6A00786C76 /* Frameworks */ = {
			isa = PBXGroup;
			children = (
				5CA813C318DEEC6A00786C76 /* Foundation.framework */,
				5CA813C518DEEC6A00786C76 /* CoreGraphics.framework */,
				5CA813C718DEEC6A00786C76 /* UIKit.framework */,
				5CA813DC18DEEC6A00786C76 /* XCTest.framework */,
				AA71E6F5C87B4428996C5708 /* libPods.a */,
			);
			name = Frameworks;
			sourceTree = "<group>";
		};
		5CA813C918DEEC6A00786C76 /* ZXingObjCTest */ = {
			isa = PBXGroup;
			children = (
				5C875DA818E0868300707A42 /* border.png */,
				5C66A9EF18E028A30048BD90 /* line.png */,
				5CA813D218DEEC6A00786C76 /* AppDelegate.h */,
				5CA813D318DEEC6A00786C76 /* AppDelegate.m */,
				5C15F9B718DF206D0018A003 /* ScannerViewController.h */,
				5C15F9B818DF206D0018A003 /* ScannerViewController.m */,
				5C66A9EC18E020760048BD90 /* RootViewController.h */,
				5C66A9ED18E020760048BD90 /* RootViewController.m */,
				5CA813D518DEEC6A00786C76 /* Images.xcassets */,
				5CA813CA18DEEC6A00786C76 /* Supporting Files */,
			);
			path = ZXingObjCTest;
			sourceTree = "<group>";
		};
		5CA813CA18DEEC6A00786C76 /* Supporting Files */ = {
			isa = PBXGroup;
			children = (
				5CA813CB18DEEC6A00786C76 /* ZXingObjCTest-Info.plist */,
				5CA813CC18DEEC6A00786C76 /* InfoPlist.strings */,
				5CA813CF18DEEC6A00786C76 /* main.m */,
				5CA813D118DEEC6A00786C76 /* ZXingObjCTest-Prefix.pch */,
			);
			name = "Supporting Files";
			sourceTree = "<group>";
		};
		5CA813E218DEEC6A00786C76 /* ZXingObjCTestTests */ = {
			isa = PBXGroup;
			children = (
				5CA813E818DEEC6A00786C76 /* ZXingObjCTestTests.m */,
				5CA813E318DEEC6A00786C76 /* Supporting Files */,
			);
			path = ZXingObjCTestTests;
			sourceTree = "<group>";
		};
		5CA813E318DEEC6A00786C76 /* Supporting Files */ = {
			isa = PBXGroup;
			children = (
				5CA813E418DEEC6A00786C76 /* ZXingObjCTestTests-Info.plist */,
				5CA813E518DEEC6A00786C76 /* InfoPlist.strings */,
			);
			name = "Supporting Files";
			sourceTree = "<group>";
		};
/* End PBXGroup section */

/* Begin PBXNativeTarget section */
		5CA813BF18DEEC6A00786C76 /* ZXingObjCTest */ = {
			isa = PBXNativeTarget;
			buildConfigurationList = 5CA813EC18DEEC6A00786C76 /* Build configuration list for PBXNativeTarget "ZXingObjCTest" */;
			buildPhases = (
				E7215CB4F88B48199F434BA2 /* Check Pods Manifest.lock */,
				5CA813BC18DEEC6A00786C76 /* Sources */,
				5CA813BD18DEEC6A00786C76 /* Frameworks */,
				5CA813BE18DEEC6A00786C76 /* Resources */,
				7FBBF1F637224BF4894FC53A /* Copy Pods Resources */,
			);
			buildRules = (
			);
			dependencies = (
			);
			name = ZXingObjCTest;
			productName = ZXingObjCTest;
			productReference = 5CA813C018DEEC6A00786C76 /* ZXingObjCTest.app */;
			productType = "com.apple.product-type.application";
		};
		5CA813DA18DEEC6A00786C76 /* ZXingObjCTestTests */ = {
			isa = PBXNativeTarget;
			buildConfigurationList = 5CA813EF18DEEC6A00786C76 /* Build configuration list for PBXNativeTarget "ZXingObjCTestTests" */;
			buildPhases = (
				5CA813D718DEEC6A00786C76 /* Sources */,
				5CA813D818DEEC6A00786C76 /* Frameworks */,
				5CA813D918DEEC6A00786C76 /* Resources */,
			);
			buildRules = (
			);
			dependencies = (
				5CA813E118DEEC6A00786C76 /* PBXTargetDependency */,
			);
			name = ZXingObjCTestTests;
			productName = ZXingObjCTestTests;
			productReference = 5CA813DB18DEEC6A00786C76 /* ZXingObjCTestTests.xctest */;
			productType = "com.apple.product-type.bundle.unit-test";
		};
/* End PBXNativeTarget section */

/* Begin PBXProject section */
		5CA813B818DEEC6A00786C76 /* Project object */ = {
			isa = PBXProject;
			attributes = {
				LastUpgradeCheck = 0510;
				ORGANIZATIONNAME = "董禹";
				TargetAttributes = {
					5CA813DA18DEEC6A00786C76 = {
						TestTargetID = 5CA813BF18DEEC6A00786C76;
					};
				};
			};
			buildConfigurationList = 5CA813BB18DEEC6A00786C76 /* Build configuration list for PBXProject "ZXingObjCTest" */;
			compatibilityVersion = "Xcode 3.2";
			developmentRegion = English;
			hasScannedForEncodings = 0;
			knownRegions = (
				en,
			);
			mainGroup = 5CA813B718DEEC6A00786C76;
			productRefGroup = 5CA813C118DEEC6A00786C76 /* Products */;
			projectDirPath = "";
			projectRoot = "";
			targets = (
				5CA813BF18DEEC6A00786C76 /* ZXingObjCTest */,
				5CA813DA18DEEC6A00786C76 /* ZXingObjCTestTests */,
			);
		};
/* End PBXProject section */

/* Begin PBXResourcesBuildPhase section */
		5CA813BE18DEEC6A00786C76 /* Resources */ = {
			isa = PBXResourcesBuildPhase;
			buildActionMask = 2147483647;
			files = (
				5CA813CE18DEEC6A00786C76 /* InfoPlist.strings in Resources */,
				5C66A9F018E028A30048BD90 /* line.png in Resources */,
				5CA813D618DEEC6A00786C76 /* Images.xcassets in Resources */,
				5C875DA918E0868300707A42 /* border.png in Resources */,
			);
			runOnlyForDeploymentPostprocessing = 0;
		};
		5CA813D918DEEC6A00786C76 /* Resources */ = {
			isa = PBXResourcesBuildPhase;
			buildActionMask = 2147483647;
			files = (
				5CA813E718DEEC6A00786C76 /* InfoPlist.strings in Resources */,
			);
			runOnlyForDeploymentPostprocessing = 0;
		};
/* End PBXResourcesBuildPhase section */

/* Begin PBXShellScriptBuildPhase section */
		7FBBF1F637224BF4894FC53A /* Copy Pods Resources */ = {
			isa = PBXShellScriptBuildPhase;
			buildActionMask = 2147483647;
			files = (
			);
			inputPaths = (
			);
			name = "Copy Pods Resources";
			outputPaths = (
			);
			runOnlyForDeploymentPostprocessing = 0;
			shellPath = /bin/sh;
			shellScript = "\"${SRCROOT}/Pods/Pods-resources.sh\"\n";
			showEnvVarsInLog = 0;
		};
		E7215CB4F88B48199F434BA2 /* Check Pods Manifest.lock */ = {
			isa = PBXShellScriptBuildPhase;
			buildActionMask = 2147483647;
			files = (
			);
			inputPaths = (
			);
			name = "Check Pods Manifest.lock";
			outputPaths = (
			);
			runOnlyForDeploymentPostprocessing = 0;
			shellPath = /bin/sh;
			shellScript = "diff \"${PODS_ROOT}/../Podfile.lock\" \"${PODS_ROOT}/Manifest.lock\" > /dev/null\nif [[ $? != 0 ]] ; then\n    cat << EOM\nerror: The sandbox is not in sync with the Podfile.lock. Run 'pod install' or update your CocoaPods installation.\nEOM\n    exit 1\nfi\n";
			showEnvVarsInLog = 0;
		};
/* End PBXShellScriptBuildPhase section */

/* Begin PBXSourcesBuildPhase section */
		5CA813BC18DEEC6A00786C76 /* Sources */ = {
			isa = PBXSourcesBuildPhase;
			buildActionMask = 2147483647;
			files = (
				5CA813D418DEEC6A00786C76 /* AppDelegate.m in Sources */,
				5C15F9B918DF206D0018A003 /* ScannerViewController.m in Sources */,
				5CA813D018DEEC6A00786C76 /* main.m in Sources */,
				5C66A9EE18E020760048BD90 /* RootViewController.m in Sources */,
			);
			runOnlyForDeploymentPostprocessing = 0;
		};
		5CA813D718DEEC6A00786C76 /* Sources */ = {
			isa = PBXSourcesBuildPhase;
			buildActionMask = 2147483647;
			files = (
				5CA813E918DEEC6A00786C76 /* ZXingObjCTestTests.m in Sources */,
			);
			runOnlyForDeploymentPostprocessing = 0;
		};
/* End PBXSourcesBuildPhase section */

/* Begin PBXTargetDependency section */
		5CA813E118DEEC6A00786C76 /* PBXTargetDependency */ = {
			isa = PBXTargetDependency;
			target = 5CA813BF18DEEC6A00786C76 /* ZXingObjCTest */;
			targetProxy = 5CA813E018DEEC6A00786C76 /* PBXContainerItemProxy */;
		};
/* End PBXTargetDependency section */

/* Begin PBXVariantGroup section */
		5CA813CC18DEEC6A00786C76 /* InfoPlist.strings */ = {
			isa = PBXVariantGroup;
			children = (
				5CA813CD18DEEC6A00786C76 /* en */,
			);
			name = InfoPlist.strings;
			sourceTree = "<group>";
		};
		5CA813E518DEEC6A00786C76 /* InfoPlist.strings */ = {
			isa = PBXVariantGroup;
			children = (
				5CA813E618DEEC6A00786C76 /* en */,
			);
			name = InfoPlist.strings;
			sourceTree = "<group>";
		};
/* End PBXVariantGroup section */

/* Begin XCBuildConfiguration section */
		5CA813EA18DEEC6A00786C76 /* Debug */ = {
			isa = XCBuildConfiguration;
			buildSettings = {
				ALWAYS_SEARCH_USER_PATHS = NO;
				CLANG_CXX_LANGUAGE_STANDARD = "gnu++0x";
				CLANG_CXX_LIBRARY = "libc++";
				CLANG_ENABLE_MODULES = YES;
				CLANG_ENABLE_OBJC_ARC = YES;
				CLANG_WARN_BOOL_CONVERSION = YES;
				CLANG_WARN_CONSTANT_CONVERSION = YES;
				CLANG_WARN_DIRECT_OBJC_ISA_USAGE = YES_ERROR;
				CLANG_WARN_EMPTY_BODY = YES;
				CLANG_WARN_ENUM_CONVERSION = YES;
				CLANG_WARN_INT_CONVERSION = YES;
				CLANG_WARN_OBJC_ROOT_CLASS = YES_ERROR;
				CLANG_WARN__DUPLICATE_METHOD_MATCH = YES;
				"CODE_SIGN_IDENTITY[sdk=iphoneos*]" = "iPhone Developer";
				COPY_PHASE_STRIP = NO;
				GCC_C_LANGUAGE_STANDARD = gnu99;
				GCC_DYNAMIC_NO_PIC = NO;
				GCC_OPTIMIZATION_LEVEL = 0;
				GCC_PREPROCESSOR_DEFINITIONS = (
					"DEBUG=1",
					"$(inherited)",
				);
				GCC_SYMBOLS_PRIVATE_EXTERN = NO;
				GCC_WARN_64_TO_32_BIT_CONVERSION = YES;
				GCC_WARN_ABOUT_RETURN_TYPE = YES_ERROR;
				GCC_WARN_UNDECLARED_SELECTOR = YES;
				GCC_WARN_UNINITIALIZED_AUTOS = YES_AGGRESSIVE;
				GCC_WARN_UNUSED_FUNCTION = YES;
				GCC_WARN_UNUSED_VARIABLE = YES;
				IPHONEOS_DEPLOYMENT_TARGET = 7.1;
				ONLY_ACTIVE_ARCH = YES;
				SDKROOT = iphoneos;
				TARGETED_DEVICE_FAMILY = "1,2";
			};
			name = Debug;
		};
		5CA813EB18DEEC6A00786C76 /* Release */ = {
			isa = XCBuildConfiguration;
			buildSettings = {
				ALWAYS_SEARCH_USER_PATHS = NO;
				CLANG_CXX_LANGUAGE_STANDARD = "gnu++0x";
				CLANG_CXX_LIBRARY = "libc++";
				CLANG_ENABLE_MODULES = YES;
				CLANG_ENABLE_OBJC_ARC = YES;
				CLANG_WARN_BOOL_CONVERSION = YES;
				CLANG_WARN_CONSTANT_CONVERSION = YES;
				CLANG_WARN_DIRECT_OBJC_ISA_USAGE = YES_ERROR;
				CLANG_WARN_EMPTY_BODY = YES;
				CLANG_WARN_ENUM_CONVERSION = YES;
				CLANG_WARN_INT_CONVERSION = YES;
				CLANG_WARN_OBJC_ROOT_CLASS = YES_ERROR;
				CLANG_WARN__DUPLICATE_METHOD_MATCH = YES;
				"CODE_SIGN_IDENTITY[sdk=iphoneos*]" = "iPhone Developer";
				COPY_PHASE_STRIP = YES;
				ENABLE_NS_ASSERTIONS = NO;
				GCC_C_LANGUAGE_STANDARD = gnu99;
				GCC_WARN_64_TO_32_BIT_CONVERSION = YES;
				GCC_WARN_ABOUT_RETURN_TYPE = YES_ERROR;
				GCC_WARN_UNDECLARED_SELECTOR = YES;
				GCC_WARN_UNINITIALIZED_AUTOS = YES_AGGRESSIVE;
				GCC_WARN_UNUSED_FUNCTION = YES;
				GCC_WARN_UNUSED_VARIABLE = YES;
				IPHONEOS_DEPLOYMENT_TARGET = 7.1;
				SDKROOT = iphoneos;
				TARGETED_DEVICE_FAMILY = "1,2";
				VALIDATE_PRODUCT = YES;
			};
			name = Release;
		};
		5CA813ED18DEEC6A00786C76 /* Debug */ = {
			isa = XCBuildConfiguration;
			baseConfigurationReference = AD76C054689541CAB74E6D65 /* Pods.xcconfig */;
			buildSettings = {
				ASSETCATALOG_COMPILER_APPICON_NAME = AppIcon;
				ASSETCATALOG_COMPILER_LAUNCHIMAGE_NAME = LaunchImage;
				CODE_SIGN_IDENTITY = "iPhone Developer";
				GCC_PRECOMPILE_PREFIX_HEADER = YES;
				GCC_PREFIX_HEADER = "ZXingObjCTest/ZXingObjCTest-Prefix.pch";
				INFOPLIST_FILE = "ZXingObjCTest/ZXingObjCTest-Info.plist";
				IPHONEOS_DEPLOYMENT_TARGET = 7.0;
				PRODUCT_NAME = "$(TARGET_NAME)";
				WRAPPER_EXTENSION = app;
			};
			name = Debug;
		};
		5CA813EE18DEEC6A00786C76 /* Release */ = {
			isa = XCBuildConfiguration;
			baseConfigurationReference = AD76C054689541CAB74E6D65 /* Pods.xcconfig */;
			buildSettings = {
				ASSETCATALOG_COMPILER_APPICON_NAME = AppIcon;
				ASSETCATALOG_COMPILER_LAUNCHIMAGE_NAME = LaunchImage;
				CODE_SIGN_IDENTITY = "iPhone Developer";
				GCC_PRECOMPILE_PREFIX_HEADER = YES;
				GCC_PREFIX_HEADER = "ZXingObjCTest/ZXingObjCTest-Prefix.pch";
				INFOPLIST_FILE = "ZXingObjCTest/ZXingObjCTest-Info.plist";
				IPHONEOS_DEPLOYMENT_TARGET = 7.0;
				PRODUCT_NAME = "$(TARGET_NAME)";
				WRAPPER_EXTENSION = app;
			};
			name = Release;
		};
		5CA813F018DEEC6A00786C76 /* Debug */ = {
			isa = XCBuildConfiguration;
			buildSettings = {
				BUNDLE_LOADER = "$(BUILT_PRODUCTS_DIR)/ZXingObjCTest.app/ZXingObjCTest";
				FRAMEWORK_SEARCH_PATHS = (
					"$(SDKROOT)/Developer/Library/Frameworks",
					"$(inherited)",
					"$(DEVELOPER_FRAMEWORKS_DIR)",
				);
				GCC_PRECOMPILE_PREFIX_HEADER = YES;
				GCC_PREFIX_HEADER = "ZXingObjCTest/ZXingObjCTest-Prefix.pch";
				GCC_PREPROCESSOR_DEFINITIONS = (
					"DEBUG=1",
					"$(inherited)",
				);
				INFOPLIST_FILE = "ZXingObjCTestTests/ZXingObjCTestTests-Info.plist";
				PRODUCT_NAME = "$(TARGET_NAME)";
				TEST_HOST = "$(BUNDLE_LOADER)";
				WRAPPER_EXTENSION = xctest;
			};
			name = Debug;
		};
		5CA813F118DEEC6A00786C76 /* Release */ = {
			isa = XCBuildConfiguration;
			buildSettings = {
				BUNDLE_LOADER = "$(BUILT_PRODUCTS_DIR)/ZXingObjCTest.app/ZXingObjCTest";
				FRAMEWORK_SEARCH_PATHS = (
					"$(SDKROOT)/Developer/Library/Frameworks",
					"$(inherited)",
					"$(DEVELOPER_FRAMEWORKS_DIR)",
				);
				GCC_PRECOMPILE_PREFIX_HEADER = YES;
				GCC_PREFIX_HEADER = "ZXingObjCTest/ZXingObjCTest-Prefix.pch";
				INFOPLIST_FILE = "ZXingObjCTestTests/ZXingObjCTestTests-Info.plist";
				PRODUCT_NAME = "$(TARGET_NAME)";
				TEST_HOST = "$(BUNDLE_LOADER)";
				WRAPPER_EXTENSION = xctest;
			};
			name = Release;
		};
/* End XCBuildConfiguration section */

/* Begin XCConfigurationList section */
		5CA813BB18DEEC6A00786C76 /* Build configuration list for PBXProject "ZXingObjCTest" */ = {
			isa = XCConfigurationList;
			buildConfigurations = (
				5CA813EA18DEEC6A00786C76 /* Debug */,
				5CA813EB18DEEC6A00786C76 /* Release */,
			);
			defaultConfigurationIsVisible = 0;
			defaultConfigurationName = Release;
		};
		5CA813EC18DEEC6A00786C76 /* Build configuration list for PBXNativeTarget "ZXingObjCTest" */ = {
			isa = XCConfigurationList;
			buildConfigurations = (
				5CA813ED18DEEC6A00786C76 /* Debug */,
				5CA813EE18DEEC6A00786C76 /* Release */,
			);
			defaultConfigurationIsVisible = 0;
			defaultConfigurationName = Release;
		};
		5CA813EF18DEEC6A00786C76 /* Build configuration list for PBXNativeTarget "ZXingObjCTestTests" */ = {
			isa = XCConfigurationList;
			buildConfigurations = (
				5CA813F018DEEC6A00786C76 /* Debug */,
				5CA813F118DEEC6A00786C76 /* Release */,
			);
			defaultConfigurationIsVisible = 0;
			defaultConfigurationName = Release;
		};
/* End XCConfigurationList section */
	};
	rootObject = 5CA813B818DEEC6A00786C76 /* Project object */;
}
